// !$*UTF8*$!
{
	archiveVersion = 1;
	classes = {
	};
	objectVersion = 46;
	objects = {

/* Begin PBXBuildFile section */
		7E2BDB801D380F9E00955169 /* AppDelegate.swift in Sources */ = {isa = PBXBuildFile; fileRef = 7E2BDB7F1D380F9E00955169 /* AppDelegate.swift */; };
		7E2BDB821D380F9E00955169 /* ViewController.swift in Sources */ = {isa = PBXBuildFile; fileRef = 7E2BDB811D380F9E00955169 /* ViewController.swift */; };
		7E2BDB851D380F9E00955169 /* Main.storyboard in Resources */ = {isa = PBXBuildFile; fileRef = 7E2BDB831D380F9E00955169 /* Main.storyboard */; };
		7E2BDB871D380F9E00955169 /* Assets.xcassets in Resources */ = {isa = PBXBuildFile; fileRef = 7E2BDB861D380F9E00955169 /* Assets.xcassets */; };
		7E2BDB8A1D380F9E00955169 /* LaunchScreen.storyboard in Resources */ = {isa = PBXBuildFile; fileRef = 7E2BDB881D380F9E00955169 /* LaunchScreen.storyboard */; };
		7E2BDB951D380F9E00955169 /* fusBooksTests.swift in Sources */ = {isa = PBXBuildFile; fileRef = 7E2BDB941D380F9E00955169 /* fusBooksTests.swift */; };
		7E2BDBA01D380F9E00955169 /* fusBooksUITests.swift in Sources */ = {isa = PBXBuildFile; fileRef = 7E2BDB9F1D380F9E00955169 /* fusBooksUITests.swift */; };
/* End PBXBuildFile section */

/* Begin PBXContainerItemProxy section */
		7E2BDB911D380F9E00955169 /* PBXContainerItemProxy */ = {
			isa = PBXContainerItemProxy;
			containerPortal = 7E2BDB741D380F9E00955169 /* Project object */;
			proxyType = 1;
			remoteGlobalIDString = 7E2BDB7B1D380F9E00955169;
			remoteInfo = fusBooks;
		};
		7E2BDB9C1D380F9E00955169 /* PBXContainerItemProxy */ = {
			isa = PBXContainerItemProxy;
			containerPortal = 7E2BDB741D380F9E00955169 /* Project object */;
			proxyType = 1;
			remoteGlobalIDString = 7E2BDB7B1D380F9E00955169;
			remoteInfo = fusBooks;
		};
/* End PBXContainerItemProxy section */

/* Begin PBXFileReference section */
		7E2BDB7C1D380F9E00955169 /* fusBooks.app */ = {isa = PBXFileReference; explicitFileType = wrapper.application; includeInIndex = 0; path = fusBooks.app; sourceTree = BUILT_PRODUCTS_DIR; };
		7E2BDB7F1D380F9E00955169 /* AppDelegate.swift */ = {isa = PBXFileReference; lastKnownFileType = sourcecode.swift; path = AppDelegate.swift; sourceTree = "<group>"; };
		7E2BDB811D380F9E00955169 /* ViewController.swift */ = {isa = PBXFileReference; lastKnownFileType = sourcecode.swift; path = ViewController.swift; sourceTree = "<group>"; };
		7E2BDB841D380F9E00955169 /* Base */ = {isa = PBXFileReference; lastKnownFileType = file.storyboard; name = Base; path = Base.lproj/Main.storyboard; sourceTree = "<group>"; };
		7E2BDB861D380F9E00955169 /* Assets.xcassets */ = {isa = PBXFileReference; lastKnownFileType = folder.assetcatalog; path = Assets.xcassets; sourceTree = "<group>"; };
		7E2BDB891D380F9E00955169 /* Base */ = {isa = PBXFileReference; lastKnownFileType = file.storyboard; name = Base; path = Base.lproj/LaunchScreen.storyboard; sourceTree = "<group>"; };
		7E2BDB8B1D380F9E00955169 /* Info.plist */ = {isa = PBXFileReference; lastKnownFileType = text.plist.xml; path = Info.plist; sourceTree = "<group>"; };
		7E2BDB901D380F9E00955169 /* fusBooksTests.xctest */ = {isa = PBXFileReference; explicitFileType = wrapper.cfbundle; includeInIndex = 0; path = fusBooksTests.xctest; sourceTree = BUILT_PRODUCTS_DIR; };
		7E2BDB941D380F9E00955169 /* fusBooksTests.swift */ = {isa = PBXFileReference; lastKnownFileType = sourcecode.swift; path = fusBooksTests.swift; sourceTree = "<group>"; };
		7E2BDB961D380F9E00955169 /* Info.plist */ = {isa = PBXFileReference; lastKnownFileType = text.plist.xml; path = Info.plist; sourceTree = "<group>"; };
		7E2BDB9B1D380F9E00955169 /* fusBooksUITests.xctest */ = {isa = PBXFileReference; explicitFileType = wrapper.cfbundle; includeInIndex = 0; path = fusBooksUITests.xctest; sourceTree = BUILT_PRODUCTS_DIR; };
		7E2BDB9F1D380F9E00955169 /* fusBooksUITests.swift */ = {isa = PBXFileReference; lastKnownFileType = sourcecode.swift; path = fusBooksUITests.swift; sourceTree = "<group>"; };
		7E2BDBA11D380F9E00955169 /* Info.plist */ = {isa = PBXFileReference; lastKnownFileType = text.plist.xml; path = Info.plist; sourceTree = "<group>"; };
/* End PBXFileReference section */

/* Begin PBXFrameworksBuildPhase section */
		7E2BDB791D380F9E00955169 /* Frameworks */ = {
			isa = PBXFrameworksBuildPhase;
			buildActionMask = 2147483647;
			files = (
			);
			runOnlyForDeploymentPostprocessing = 0;
		};
		7E2BDB8D1D380F9E00955169 /* Frameworks */ = {
			isa = PBXFrameworksBuildPhase;
			buildActionMask = 2147483647;
			files = (
			);
			runOnlyForDeploymentPostprocessing = 0;
		};
		7E2BDB981D380F9E00955169 /* Frameworks */ = {
			isa = PBXFrameworksBuildPhase;
			buildActionMask = 2147483647;
			files = (
			);
			runOnlyForDeploymentPostprocessing = 0;
		};
/* End PBXFrameworksBuildPhase section */

/* Begin PBXGroup section */
		7E2BDB731D380F9D00955169 = {
			isa = PBXGroup;
			children = (
				7E2BDB7E1D380F9E00955169 /* fusBooks */,
				7E2BDB931D380F9E00955169 /* fusBooksTests */,
				7E2BDB9E1D380F9E00955169 /* fusBooksUITests */,
				7E2BDB7D1D380F9E00955169 /* Products */,
			);
			sourceTree = "<group>";
		};
		7E2BDB7D1D380F9E00955169 /* Products */ = {
			isa = PBXGroup;
			children = (
				7E2BDB7C1D380F9E00955169 /* fusBooks.app */,
				7E2BDB901D380F9E00955169 /* fusBooksTests.xctest */,
				7E2BDB9B1D380F9E00955169 /* fusBooksUITests.xctest */,
			);
			name = Products;
			sourceTree = "<group>";
		};
		7E2BDB7E1D380F9E00955169 /* fusBooks */ = {
			isa = PBXGroup;
			children = (
				7E2BDB7F1D380F9E00955169 /* AppDelegate.swift */,
				7E2BDB811D380F9E00955169 /* ViewController.swift */,
				7E2BDB831D380F9E00955169 /* Main.storyboard */,
				7E2BDB861D380F9E00955169 /* Assets.xcassets */,
				7E2BDB881D380F9E00955169 /* LaunchScreen.storyboard */,
				7E2BDB8B1D380F9E00955169 /* Info.plist */,
			);
			path = fusBooks;
			sourceTree = "<group>";
		};
		7E2BDB931D380F9E00955169 /* fusBooksTests */ = {
			isa = PBXGroup;
			children = (
				7E2BDB941D380F9E00955169 /* fusBooksTests.swift */,
				7E2BDB961D380F9E00955169 /* Info.plist */,
			);
			path = fusBooksTests;
			sourceTree = "<group>";
		};
		7E2BDB9E1D380F9E00955169 /* fusBooksUITests */ = {
			isa = PBXGroup;
			children = (
				7E2BDB9F1D380F9E00955169 /* fusBooksUITests.swift */,
				7E2BDBA11D380F9E00955169 /* Info.plist */,
			);
			path = fusBooksUITests;
			sourceTree = "<group>";
		};
/* End PBXGroup section */

/* Begin PBXNativeTarget section */
		7E2BDB7B1D380F9E00955169 /* fusBooks */ = {
			isa = PBXNativeTarget;
			buildConfigurationList = 7E2BDBA41D380F9E00955169 /* Build configuration list for PBXNativeTarget "fusBooks" */;
			buildPhases = (
				7E2BDB781D380F9E00955169 /* Sources */,
				7E2BDB791D380F9E00955169 /* Frameworks */,
				7E2BDB7A1D380F9E00955169 /* Resources */,
			);
			buildRules = (
			);
			dependencies = (
			);
			name = fusBooks;
			productName = fusBooks;
			productReference = 7E2BDB7C1D380F9E00955169 /* fusBooks.app */;
			productType = "com.apple.product-type.application";
		};
		7E2BDB8F1D380F9E00955169 /* fusBooksTests */ = {
			isa = PBXNativeTarget;
			buildConfigurationList = 7E2BDBA71D380F9E00955169 /* Build configuration list for PBXNativeTarget "fusBooksTests" */;
			buildPhases = (
				7E2BDB8C1D380F9E00955169 /* Sources */,
				7E2BDB8D1D380F9E00955169 /* Frameworks */,
				7E2BDB8E1D380F9E00955169 /* Resources */,
			);
			buildRules = (
			);
			dependencies = (
				7E2BDB921D380F9E00955169 /* PBXTargetDependency */,
			);
			name = fusBooksTests;
			productName = fusBooksTests;
			productReference = 7E2BDB901D380F9E00955169 /* fusBooksTests.xctest */;
			productType = "com.apple.product-type.bundle.unit-test";
		};
		7E2BDB9A1D380F9E00955169 /* fusBooksUITests */ = {
			isa = PBXNativeTarget;
			buildConfigurationList = 7E2BDBAA1D380F9E00955169 /* Build configuration list for PBXNativeTarget "fusBooksUITests" */;
			buildPhases = (
				7E2BDB971D380F9E00955169 /* Sources */,
				7E2BDB981D380F9E00955169 /* Frameworks */,
				7E2BDB991D380F9E00955169 /* Resources */,
			);
			buildRules = (
			);
			dependencies = (
				7E2BDB9D1D380F9E00955169 /* PBXTargetDependency */,
			);
			name = fusBooksUITests;
			productName = fusBooksUITests;
			productReference = 7E2BDB9B1D380F9E00955169 /* fusBooksUITests.xctest */;
			productType = "com.apple.product-type.bundle.ui-testing";
		};
/* End PBXNativeTarget section */

/* Begin PBXProject section */
		7E2BDB741D380F9E00955169 /* Project object */ = {
			isa = PBXProject;
			attributes = {
				LastSwiftUpdateCheck = 0730;
				LastUpgradeCheck = 0730;
				ORGANIZATIONNAME = josefus;
				TargetAttributes = {
					7E2BDB7B1D380F9E00955169 = {
						CreatedOnToolsVersion = 7.3.1;
					};
					7E2BDB8F1D380F9E00955169 = {
						CreatedOnToolsVersion = 7.3.1;
						TestTargetID = 7E2BDB7B1D380F9E00955169;
					};
					7E2BDB9A1D380F9E00955169 = {
						CreatedOnToolsVersion = 7.3.1;
						TestTargetID = 7E2BDB7B1D380F9E00955169;
					};
				};
			};
			buildConfigurationList = 7E2BDB771D380F9E00955169 /* Build configuration list for PBXProject "fusBooks" */;
			compatibilityVersion = "Xcode 3.2";
			developmentRegion = English;
			hasScannedForEncodings = 0;
			knownRegions = (
				en,
				Base,
			);
			mainGroup = 7E2BDB731D380F9D00955169;
			productRefGroup = 7E2BDB7D1D380F9E00955169 /* Products */;
			projectDirPath = "";
			projectRoot = "";
			targets = (
				7E2BDB7B1D380F9E00955169 /* fusBooks */,
				7E2BDB8F1D380F9E00955169 /* fusBooksTests */,
				7E2BDB9A1D380F9E00955169 /* fusBooksUITests */,
			);
		};
/* End PBXProject section */

/* Begin PBXResourcesBuildPhase section */
		7E2BDB7A1D380F9E00955169 /* Resources */ = {
			isa = PBXResourcesBuildPhase;
			buildActionMask = 2147483647;
			files = (
				7E2BDB8A1D380F9E00955169 /* LaunchScreen.storyboard in Resources */,
				7E2BDB871D380F9E00955169 /* Assets.xcassets in Resources */,
				7E2BDB851D380F9E00955169 /* Main.storyboard in Resources */,
			);
			runOnlyForDeploymentPostprocessing = 0;
		};
		7E2BDB8E1D380F9E00955169 /* Resources */ = {
			isa = PBXResourcesBuildPhase;
			buildActionMask = 2147483647;
			files = (
			);
			runOnlyForDeploymentPostprocessing = 0;
		};
		7E2BDB991D380F9E00955169 /* Resources */ = {
			isa = PBXResourcesBuildPhase;
			buildActionMask = 2147483647;
			files = (
			);
			runOnlyForDeploymentPostprocessing = 0;
		};
/* End PBXResourcesBuildPhase section */

/* Begin PBXSourcesBuildPhase section */
		7E2BDB781D380F9E00955169 /* Sources */ = {
			isa = PBXSourcesBuildPhase;
			buildActionMask = 2147483647;
			files = (
				7E2BDB821D380F9E00955169 /* ViewController.swift in Sources */,
				7E2BDB801D380F9E00955169 /* AppDelegate.swift in Sources */,
			);
			runOnlyForDeploymentPostprocessing = 0;
		};
		7E2BDB8C1D380F9E00955169 /* Sources */ = {
			isa = PBXSourcesBuildPhase;
			buildActionMask = 2147483647;
			files = (
				7E2BDB951D380F9E00955169 /* fusBooksTests.swift in Sources */,
			);
			runOnlyForDeploymentPostprocessing = 0;
		};
		7E2BDB971D380F9E00955169 /* Sources */ = {
			isa = PBXSourcesBuildPhase;
			buildActionMask = 2147483647;
			files = (
				7E2BDBA01D380F9E00955169 /* fusBooksUITests.swift in Sources */,
			);
			runOnlyForDeploymentPostprocessing = 0;
		};
/* End PBXSourcesBuildPhase section */

/* Begin PBXTargetDependency section */
		7E2BDB921D380F9E00955169 /* PBXTargetDependency */ = {
			isa = PBXTargetDependency;
			target = 7E2BDB7B1D380F9E00955169 /* fusBooks */;
			targetProxy = 7E2BDB911D380F9E00955169 /* PBXContainerItemProxy */;
		};
		7E2BDB9D1D380F9E00955169 /* PBXTargetDependency */ = {
			isa = PBXTargetDependency;
			target = 7E2BDB7B1D380F9E00955169 /* fusBooks */;
			targetProxy = 7E2BDB9C1D380F9E00955169 /* PBXContainerItemProxy */;
		};
/* End PBXTargetDependency section */

/* Begin PBXVariantGroup section */
		7E2BDB831D380F9E00955169 /* Main.storyboard */ = {
			isa = PBXVariantGroup;
			children = (
				7E2BDB841D380F9E00955169 /* Base */,
			);
			name = Main.storyboard;
			sourceTree = "<group>";
		};
		7E2BDB881D380F9E00955169 /* LaunchScreen.storyboard */ = {
			isa = PBXVariantGroup;
			children = (
				7E2BDB891D380F9E00955169 /* Base */,
			);
			name = LaunchScreen.storyboard;
			sourceTree = "<group>";
		};
/* End PBXVariantGroup section */

/* Begin XCBuildConfiguration section */
		7E2BDBA21D380F9E00955169 /* Debug */ = {
			isa = XCBuildConfiguration;
			buildSettings = {
				ALWAYS_SEARCH_USER_PATHS = NO;
				CLANG_ANALYZER_NONNULL = YES;
				CLANG_CXX_LANGUAGE_STANDARD = "gnu++0x";
				CLANG_CXX_LIBRARY = "libc++";
				CLANG_ENABLE_MODULES = YES;
				CLANG_ENABLE_OBJC_ARC = YES;
				CLANG_WARN_BOOL_CONVERSION = YES;
				CLANG_WARN_CONSTANT_CONVERSION = YES;
				CLANG_WARN_DIRECT_OBJC_ISA_USAGE = YES_ERROR;
				CLANG_WARN_EMPTY_BODY = YES;
				CLANG_WARN_ENUM_CONVERSION = YES;
				CLANG_WARN_INT_CONVERSION = YES;
				CLANG_WARN_OBJC_ROOT_CLASS = YES_ERROR;
				CLANG_WARN_UNREACHABLE_CODE = YES;
				CLANG_WARN__DUPLICATE_METHOD_MATCH = YES;
				"CODE_SIGN_IDENTITY[sdk=iphoneos*]" = "iPhone Developer";
				COPY_PHASE_STRIP = NO;
				DEBUG_INFORMATION_FORMAT = dwarf;
				ENABLE_STRICT_OBJC_MSGSEND = YES;
				ENABLE_TESTABILITY = YES;
				GCC_C_LANGUAGE_STANDARD = gnu99;
				GCC_DYNAMIC_NO_PIC = NO;
				GCC_NO_COMMON_BLOCKS = YES;
				GCC_OPTIMIZATION_LEVEL = 0;
				GCC_PREPROCESSOR_DEFINITIONS = (
					"DEBUG=1",
					"$(inherited)",
				);
				GCC_WARN_64_TO_32_BIT_CONVERSION = YES;
				GCC_WARN_ABOUT_RETURN_TYPE = YES_ERROR;
				GCC_WARN_UNDECLARED_SELECTOR = YES;
				GCC_WARN_UNINITIALIZED_AUTOS = YES_AGGRESSIVE;
				GCC_WARN_UNUSED_FUNCTION = YES;
				GCC_WARN_UNUSED_VARIABLE = YES;
				IPHONEOS_DEPLOYMENT_TARGET = 9.3;
				MTL_ENABLE_DEBUG_INFO = YES;
				ONLY_ACTIVE_ARCH = YES;
				SDKROOT = iphoneos;
				SWIFT_OPTIMIZATION_LEVEL = "-Onone";
				TARGETED_DEVICE_FAMILY = "1,2";
			};
			name = Debug;
		};
		7E2BDBA31D380F9E00955169 /* Release */ = {
			isa = XCBuildConfiguration;
			buildSettings = {
				ALWAYS_SEARCH_USER_PATHS = NO;
				CLANG_ANALYZER_NONNULL = YES;
				CLANG_CXX_LANGUAGE_STANDARD = "gnu++0x";
				CLANG_CXX_LIBRARY = "libc++";
				CLANG_ENABLE_MODULES = YES;
				CLANG_ENABLE_OBJC_ARC = YES;
				CLANG_WARN_BOOL_CONVERSION = YES;
				CLANG_WARN_CONSTANT_CONVERSION = YES;
				CLANG_WARN_DIRECT_OBJC_ISA_USAGE = YES_ERROR;
				CLANG_WARN_EMPTY_BODY = YES;
				CLANG_WARN_ENUM_CONVERSION = YES;
				CLANG_WARN_INT_CONVERSION = YES;
				CLANG_WARN_OBJC_ROOT_CLASS = YES_ERROR;
				CLANG_WARN_UNREACHABLE_CODE = YES;
				CLANG_WARN__DUPLICATE_METHOD_MATCH = YES;
				"CODE_SIGN_IDENTITY[sdk=iphoneos*]" = "iPhone Developer";
				COPY_PHASE_STRIP = NO;
				DEBUG_INFORMATION_FORMAT = "dwarf-with-dsym";
				ENABLE_NS_ASSERTIONS = NO;
				ENABLE_STRICT_OBJC_MSGSEND = YES;
				GCC_C_LANGUAGE_STANDARD = gnu99;
				GCC_NO_COMMON_BLOCKS = YES;
				GCC_WARN_64_TO_32_BIT_CONVERSION = YES;
				GCC_WARN_ABOUT_RETURN_TYPE = YES_ERROR;
				GCC_WARN_UNDECLARED_SELECTOR = YES;
				GCC_WARN_UNINITIALIZED_AUTOS = YES_AGGRESSIVE;
				GCC_WARN_UNUSED_FUNCTION = YES;
				GCC_WARN_UNUSED_VARIABLE = YES;
				IPHONEOS_DEPLOYMENT_TARGET = 9.3;
				MTL_ENABLE_DEBUG_INFO = NO;
				SDKROOT = iphoneos;
				TARGETED_DEVICE_FAMILY = "1,2";
				VALIDATE_PRODUCT = YES;
			};
			name = Release;
		};
		7E2BDBA51D380F9E00955169 /* Debug */ = {
			isa = XCBuildConfiguration;
			buildSettings = {
				ASSETCATALOG_COMPILER_APPICON_NAME = AppIcon;
				INFOPLIST_FILE = fusBooks/Info.plist;
				LD_RUNPATH_SEARCH_PATHS = "$(inherited) @executable_path/Frameworks";
				PRODUCT_BUNDLE_IDENTIFIER = fus.josefus.fusBooks;
				PRODUCT_NAME = "$(TARGET_NAME)";
			};
			name = Debug;
		};
		7E2BDBA61D380F9E00955169 /* Release */ = {
			isa = XCBuildConfiguration;
			buildSettings = {
				ASSETCATALOG_COMPILER_APPICON_NAME = AppIcon;
				INFOPLIST_FILE = fusBooks/Info.plist;
				LD_RUNPATH_SEARCH_PATHS = "$(inherited) @executable_path/Frameworks";
				PRODUCT_BUNDLE_IDENTIFIER = fus.josefus.fusBooks;
				PRODUCT_NAME = "$(TARGET_NAME)";
			};
			name = Release;
		};
		7E2BDBA81D380F9E00955169 /* Debug */ = {
			isa = XCBuildConfiguration;
			buildSettings = {
				BUNDLE_LOADER = "$(TEST_HOST)";
				INFOPLIST_FILE = fusBooksTests/Info.plist;
				LD_RUNPATH_SEARCH_PATHS = "$(inherited) @executable_path/Frameworks @loader_path/Frameworks";
				PRODUCT_BUNDLE_IDENTIFIER = fus.josefus.fusBooksTests;
				PRODUCT_NAME = "$(TARGET_NAME)";
				TEST_HOST = "$(BUILT_PRODUCTS_DIR)/fusBooks.app/fusBooks";
			};
			name = Debug;
		};
		7E2BDBA91D380F9E00955169 /* Release */ = {
			isa = XCBuildConfiguration;
			buildSettings = {
				BUNDLE_LOADER = "$(TEST_HOST)";
				INFOPLIST_FILE = fusBooksTests/Info.plist;
				LD_RUNPATH_SEARCH_PATHS = "$(inherited) @executable_path/Frameworks @loader_path/Frameworks";
				PRODUCT_BUNDLE_IDENTIFIER = fus.josefus.fusBooksTests;
				PRODUCT_NAME = "$(TARGET_NAME)";
				TEST_HOST = "$(BUILT_PRODUCTS_DIR)/fusBooks.app/fusBooks";
			};
			name = Release;
		};
		7E2BDBAB1D380F9E00955169 /* Debug */ = {
			isa = XCBuildConfiguration;
			buildSettings = {
				INFOPLIST_FILE = fusBooksUITests/Info.plist;
				LD_RUNPATH_SEARCH_PATHS = "$(inherited) @executable_path/Frameworks @loader_path/Frameworks";
				PRODUCT_BUNDLE_IDENTIFIER = fus.josefus.fusBooksUITests;
				PRODUCT_NAME = "$(TARGET_NAME)";
				TEST_TARGET_NAME = fusBooks;
			};
			name = Debug;
		};
		7E2BDBAC1D380F9E00955169 /* Release */ = {
			isa = XCBuildConfiguration;
			buildSettings = {
				INFOPLIST_FILE = fusBooksUITests/Info.plist;
				LD_RUNPATH_SEARCH_PATHS = "$(inherited) @executable_path/Frameworks @loader_path/Frameworks";
				PRODUCT_BUNDLE_IDENTIFIER = fus.josefus.fusBooksUITests;
				PRODUCT_NAME = "$(TARGET_NAME)";
				TEST_TARGET_NAME = fusBooks;
			};
			name = Release;
		};
/* End XCBuildConfiguration section */

/* Begin XCConfigurationList section */
		7E2BDB771D380F9E00955169 /* Build configuration list for PBXProject "fusBooks" */ = {
			isa = XCConfigurationList;
			buildConfigurations = (
				7E2BDBA21D380F9E00955169 /* Debug */,
				7E2BDBA31D380F9E00955169 /* Release */,
			);
			defaultConfigurationIsVisible = 0;
			defaultConfigurationName = Release;
		};
		7E2BDBA41D380F9E00955169 /* Build configuration list for PBXNativeTarget "fusBooks" */ = {
			isa = XCConfigurationList;
			buildConfigurations = (
				7E2BDBA51D380F9E00955169 /* Debug */,
				7E2BDBA61D380F9E00955169 /* Release */,
			);
			defaultConfigurationIsVisible = 0;
		};
		7E2BDBA71D380F9E00955169 /* Build configuration list for PBXNativeTarget "fusBooksTests" */ = {
			isa = XCConfigurationList;
			buildConfigurations = (
				7E2BDBA81D380F9E00955169 /* Debug */,
				7E2BDBA91D380F9E00955169 /* Release */,
			);
			defaultConfigurationIsVisible = 0;
		};
		7E2BDBAA1D380F9E00955169 /* Build configuration list for PBXNativeTarget "fusBooksUITests" */ = {
			isa = XCConfigurationList;
			buildConfigurations = (
				7E2BDBAB1D380F9E00955169 /* Debug */,
				7E2BDBAC1D380F9E00955169 /* Release */,
			);
			defaultConfigurationIsVisible = 0;
		};
/* End XCConfigurationList section */
	};
	rootObject = 7E2BDB741D380F9E00955169 /* Project object */;
}
